
Microsoft Visual Studio Solution File, Format Version 12.00
# Visual Studio Version 17
VisualStudioVersion = 17.8.34511.84
MinimumVisualStudioVersion = 10.0.40219.1
Project("{FAE04EC0-301F-11D3-BF4B-00C04F79EFBC}") = "OrderExample", "OrderExample\OrderExample.csproj", "{3EC739FD-6FCA-41CC-B5F7-5071E68C36FE}"
EndProject
Global
	GlobalSection(SolutionConfigurationPlatforms) = preSolution
		Debug|Any CPU = Debug|Any CPU
		Release|Any CPU = Release|Any CPU
	EndGlobalSection
	GlobalSection(ProjectConfigurationPlatforms) = postSolution
		{3EC739FD-6FCA-41CC-B5F7-5071E68C36FE}.Debug|Any CPU.ActiveCfg = Debug|Any CPU
		{3EC739FD-6FCA-41CC-B5F7-5071E68C36FE}.Debug|Any CPU.Build.0 = Debug|Any CPU
		{3EC739FD-6FCA-41CC-B5F7-5071E68C36FE}.Release|Any CPU.ActiveCfg = Release|Any CPU
		{3EC739FD-6FCA-41CC-B5F7-5071E68C36FE}.Release|Any CPU.Build.0 = Release|Any CPU
	EndGlobalSection
	GlobalSection(SolutionProperties) = preSolution
		HideSolutionNode = FALSE
	EndGlobalSection
	GlobalSection(ExtensibilityGlobals) = postSolution
		SolutionGuid = {1B5FD28A-A871-4C96-8495-361BD0CD89C5}
	EndGlobalSection
EndGlobal
